
Microsoft Visual Studio Solution File, Format Version 12.00
# Visual Studio Version 16
VisualStudioVersion = 16.0.30114.128
MinimumVisualStudioVersion = 10.0.40219.1
Project("{FAE04EC0-301F-11D3-BF4B-00C04F79EFBC}") = "t4ccer.Haps", "t4ccer.Haps\t4ccer.Haps.csproj", "{4AF70A39-A4DB-47BC-BD37-723D0147BAC1}"
EndProject
Project("{FAE04EC0-301F-11D3-BF4B-00C04F79EFBC}") = "Debug", "Debug\Debug.csproj", "{9FEF22AA-BD38-432E-8AE3-FE0644E515D8}"
EndProject
Global
	GlobalSection(SolutionConfigurationPlatforms) = preSolution
		Debug|Any CPU = Debug|Any CPU
		Release|Any CPU = Release|Any CPU
	EndGlobalSection
	GlobalSection(ProjectConfigurationPlatforms) = postSolution
		{4AF70A39-A4DB-47BC-BD37-723D0147BAC1}.Debug|Any CPU.ActiveCfg = Debug|Any CPU
		{4AF70A39-A4DB-47BC-BD37-723D0147BAC1}.Debug|Any CPU.Build.0 = Debug|Any CPU
		{4AF70A39-A4DB-47BC-BD37-723D0147BAC1}.Release|Any CPU.ActiveCfg = Release|Any CPU
		{4AF70A39-A4DB-47BC-BD37-723D0147BAC1}.Release|Any CPU.Build.0 = Release|Any CPU
		{9FEF22AA-BD38-432E-8AE3-FE0644E515D8}.Debug|Any CPU.ActiveCfg = Debug|Any CPU
		{9FEF22AA-BD38-432E-8AE3-FE0644E515D8}.Debug|Any CPU.Build.0 = Debug|Any CPU
		{9FEF22AA-BD38-432E-8AE3-FE0644E515D8}.Release|Any CPU.ActiveCfg = Release|Any CPU
		{9FEF22AA-BD38-432E-8AE3-FE0644E515D8}.Release|Any CPU.Build.0 = Release|Any CPU
	EndGlobalSection
	GlobalSection(SolutionProperties) = preSolution
		HideSolutionNode = FALSE
	EndGlobalSection
	GlobalSection(ExtensibilityGlobals) = postSolution
		SolutionGuid = {40AFDCD2-5A76-415B-AD89-2F3472F359BA}
	EndGlobalSection
EndGlobal
